
Microsoft Visual Studio Solution File, Format Version 12.00
# Visual Studio Version 16
VisualStudioVersion = 16.0.30413.136
MinimumVisualStudioVersion = 10.0.40219.1
Project("{FAE04EC0-301F-11D3-BF4B-00C04F79EFBC}") = "IpLocationService", "IpLocationService\IpLocationService.csproj", "{CE689DAF-1003-4F77-910A-32B66BE17043}"
EndProject
Project("{FAE04EC0-301F-11D3-BF4B-00C04F79EFBC}") = "IpLocationServiceTests", "IpLocationServiceTests\IpLocationServiceTests.csproj", "{7E894A67-3DF8-4702-BFEA-09CAF2B3D9C2}"
EndProject
Global
	GlobalSection(SolutionConfigurationPlatforms) = preSolution
		Debug|Any CPU = Debug|Any CPU
		Release|Any CPU = Release|Any CPU
	EndGlobalSection
	GlobalSection(ProjectConfigurationPlatforms) = postSolution
		{CE689DAF-1003-4F77-910A-32B66BE17043}.Debug|Any CPU.ActiveCfg = Debug|Any CPU
		{CE689DAF-1003-4F77-910A-32B66BE17043}.Debug|Any CPU.Build.0 = Debug|Any CPU
		{CE689DAF-1003-4F77-910A-32B66BE17043}.Release|Any CPU.ActiveCfg = Release|Any CPU
		{CE689DAF-1003-4F77-910A-32B66BE17043}.Release|Any CPU.Build.0 = Release|Any CPU
		{7E894A67-3DF8-4702-BFEA-09CAF2B3D9C2}.Debug|Any CPU.ActiveCfg = Debug|Any CPU
		{7E894A67-3DF8-4702-BFEA-09CAF2B3D9C2}.Debug|Any CPU.Build.0 = Debug|Any CPU
		{7E894A67-3DF8-4702-BFEA-09CAF2B3D9C2}.Release|Any CPU.ActiveCfg = Release|Any CPU
		{7E894A67-3DF8-4702-BFEA-09CAF2B3D9C2}.Release|Any CPU.Build.0 = Release|Any CPU
	EndGlobalSection
	GlobalSection(SolutionProperties) = preSolution
		HideSolutionNode = FALSE
	EndGlobalSection
	GlobalSection(ExtensibilityGlobals) = postSolution
		SolutionGuid = {A60A6EAA-1813-455C-91E2-71ED6B3B3934}
	EndGlobalSection
EndGlobal
